
Microsoft Visual Studio Solution File, Format Version 12.00
# Visual Studio Version 17
VisualStudioVersion = 17.0.31919.166
MinimumVisualStudioVersion = 10.0.40219.1
Project("{FAE04EC0-301F-11D3-BF4B-00C04F79EFBC}") = "beadXamarin.Android", "beadXamarin\beadXamarin.Android\beadXamarin.Android.csproj", "{6C53DD40-D141-4C0F-B9FA-17D257EC6A28}"
EndProject
Project("{FAE04EC0-301F-11D3-BF4B-00C04F79EFBC}") = "beadXamarin", "beadXamarin\beadXamarin\beadXamarin.csproj", "{12B4F74A-E246-4C01-B71F-3BE9D2372FAD}"
EndProject
Global
	GlobalSection(SolutionConfigurationPlatforms) = preSolution
		Debug|Any CPU = Debug|Any CPU
		Release|Any CPU = Release|Any CPU
	EndGlobalSection
	GlobalSection(ProjectConfigurationPlatforms) = postSolution
		{6C53DD40-D141-4C0F-B9FA-17D257EC6A28}.Debug|Any CPU.ActiveCfg = Debug|Any CPU
		{6C53DD40-D141-4C0F-B9FA-17D257EC6A28}.Debug|Any CPU.Build.0 = Debug|Any CPU
		{6C53DD40-D141-4C0F-B9FA-17D257EC6A28}.Debug|Any CPU.Deploy.0 = Debug|Any CPU
		{6C53DD40-D141-4C0F-B9FA-17D257EC6A28}.Release|Any CPU.ActiveCfg = Release|Any CPU
		{6C53DD40-D141-4C0F-B9FA-17D257EC6A28}.Release|Any CPU.Build.0 = Release|Any CPU
		{6C53DD40-D141-4C0F-B9FA-17D257EC6A28}.Release|Any CPU.Deploy.0 = Release|Any CPU
		{12B4F74A-E246-4C01-B71F-3BE9D2372FAD}.Debug|Any CPU.ActiveCfg = Debug|Any CPU
		{12B4F74A-E246-4C01-B71F-3BE9D2372FAD}.Debug|Any CPU.Build.0 = Debug|Any CPU
		{12B4F74A-E246-4C01-B71F-3BE9D2372FAD}.Debug|Any CPU.Deploy.0 = Debug|Any CPU
		{12B4F74A-E246-4C01-B71F-3BE9D2372FAD}.Release|Any CPU.ActiveCfg = Release|Any CPU
		{12B4F74A-E246-4C01-B71F-3BE9D2372FAD}.Release|Any CPU.Build.0 = Release|Any CPU
		{12B4F74A-E246-4C01-B71F-3BE9D2372FAD}.Release|Any CPU.Deploy.0 = Release|Any CPU
	EndGlobalSection
	GlobalSection(SolutionProperties) = preSolution
		HideSolutionNode = FALSE
	EndGlobalSection
	GlobalSection(ExtensibilityGlobals) = postSolution
		SolutionGuid = {DB0C4855-4692-4203-A6F4-70177E661352}
	EndGlobalSection
EndGlobal
